{
  "name": "MiniCore",
  "lockfileVersion": 3,
  "requires": true,
  "packages": {
    "": {
      "dependencies": {
        "barea.js": "^1.0.0"
      }
    },
    "node_modules/barea.js": {
      "version": "1.0.0",
      "resolved": "https://registry.npmjs.org/barea.js/-/barea.js-1.0.0.tgz",
      "integrity": "sha512-Fm6fEfN2Lai5NViMkbpFkCLatfHaZZdGntqb8RqpriGk0gtnhhc+Wv55vV6geOuMKuQgpWJxi3GYVL38RiDMJw==",
      "license": "ISC"
    }
  }
}
